
Microsoft Visual Studio Solution File, Format Version 12.00
Project("{FAE04EC0-301F-11D3-BF4B-00C04F79EFBC}") = "specmatic-order-api-csharp", "specmatic-order-api-csharp\specmatic-order-api-csharp.csproj", "{BD43EAFA-4136-4AAB-A2FB-64C6DE76EB1F}"
EndProject
Project("{FAE04EC0-301F-11D3-BF4B-00C04F79EFBC}") = "specmatic-order-api-csharp.test", "specmatic-order-api-csharp.test\specmatic-order-api-csharp.test.csproj", "{22CAD056-ABED-41E6-AC3F-18321A825400}"
EndProject
Global
	GlobalSection(SolutionConfigurationPlatforms) = preSolution
		Debug|Any CPU = Debug|Any CPU
		Release|Any CPU = Release|Any CPU
	EndGlobalSection
	GlobalSection(ProjectConfigurationPlatforms) = postSolution
		{BD43EAFA-4136-4AAB-A2FB-64C6DE76EB1F}.Debug|Any CPU.ActiveCfg = Debug|Any CPU
		{BD43EAFA-4136-4AAB-A2FB-64C6DE76EB1F}.Debug|Any CPU.Build.0 = Debug|Any CPU
		{BD43EAFA-4136-4AAB-A2FB-64C6DE76EB1F}.Release|Any CPU.ActiveCfg = Release|Any CPU
		{BD43EAFA-4136-4AAB-A2FB-64C6DE76EB1F}.Release|Any CPU.Build.0 = Release|Any CPU
		{22CAD056-ABED-41E6-AC3F-18321A825400}.Debug|Any CPU.ActiveCfg = Debug|Any CPU
		{22CAD056-ABED-41E6-AC3F-18321A825400}.Debug|Any CPU.Build.0 = Debug|Any CPU
		{22CAD056-ABED-41E6-AC3F-18321A825400}.Release|Any CPU.ActiveCfg = Release|Any CPU
		{22CAD056-ABED-41E6-AC3F-18321A825400}.Release|Any CPU.Build.0 = Release|Any CPU
	EndGlobalSection
EndGlobal
